# THIS IS AN AUTOGENERATED FILE. DO NOT EDIT THIS FILE DIRECTLY.
# yarn lockfile v1


arc-macro-no-bucket@^1.0.0:
  version "1.0.0"
  resolved "https://registry.yarnpkg.com/arc-macro-no-bucket/-/arc-macro-no-bucket-1.0.0.tgz#83abfa3d0aea1aa551fcec8b6fd60b196a542615"
  integrity sha512-/ZES06R3gRVoSWTopQiBbby28dazM9q3NjMdDuVL1CXk7XdLcYRk6kuw2TonCS7YFVW2jPQj+1+Bgmn/qCKB7Q==
